
Microsoft Visual Studio Solution File, Format Version 12.00
# Visual Studio Version 17
VisualStudioVersion = 17.3.32929.385
MinimumVisualStudioVersion = 10.0.40219.1
Project("{9A19103F-16F7-4668-BE54-9A1E7A4F7556}") = "Exwhyzee.AANI.Web", "Exwhyzee.AANI.Web\Exwhyzee.AANI.Web.csproj", "{D9B05F4C-28F1-438A-9AB2-3D82E989194F}"
EndProject
Project("{9A19103F-16F7-4668-BE54-9A1E7A4F7556}") = "Exwhyzee.AANI.Domain", "Exwhyzee.AANI.Domain\Exwhyzee.AANI.Domain.csproj", "{A49D5887-1AEC-46CF-89D3-D2D77EC2C914}"
EndProject
Project("{FAE04EC0-301F-11D3-BF4B-00C04F79EFBC}") = "PostmarkEmailService", "PostmarkEmailService\PostmarkEmailService.csproj", "{1B8801BE-AF16-486B-9E74-F40292EEE670}"
EndProject
Global
	GlobalSection(SolutionConfigurationPlatforms) = preSolution
		Debug|Any CPU = Debug|Any CPU
		Release|Any CPU = Release|Any CPU
	EndGlobalSection
	GlobalSection(ProjectConfigurationPlatforms) = postSolution
		{D9B05F4C-28F1-438A-9AB2-3D82E989194F}.Debug|Any CPU.ActiveCfg = Debug|Any CPU
		{D9B05F4C-28F1-438A-9AB2-3D82E989194F}.Debug|Any CPU.Build.0 = Debug|Any CPU
		{D9B05F4C-28F1-438A-9AB2-3D82E989194F}.Release|Any CPU.ActiveCfg = Release|Any CPU
		{D9B05F4C-28F1-438A-9AB2-3D82E989194F}.Release|Any CPU.Build.0 = Release|Any CPU
		{A49D5887-1AEC-46CF-89D3-D2D77EC2C914}.Debug|Any CPU.ActiveCfg = Debug|Any CPU
		{A49D5887-1AEC-46CF-89D3-D2D77EC2C914}.Debug|Any CPU.Build.0 = Debug|Any CPU
		{A49D5887-1AEC-46CF-89D3-D2D77EC2C914}.Release|Any CPU.ActiveCfg = Release|Any CPU
		{A49D5887-1AEC-46CF-89D3-D2D77EC2C914}.Release|Any CPU.Build.0 = Release|Any CPU
		{1B8801BE-AF16-486B-9E74-F40292EEE670}.Debug|Any CPU.ActiveCfg = Debug|Any CPU
		{1B8801BE-AF16-486B-9E74-F40292EEE670}.Debug|Any CPU.Build.0 = Debug|Any CPU
		{1B8801BE-AF16-486B-9E74-F40292EEE670}.Release|Any CPU.ActiveCfg = Release|Any CPU
		{1B8801BE-AF16-486B-9E74-F40292EEE670}.Release|Any CPU.Build.0 = Release|Any CPU
	EndGlobalSection
	GlobalSection(SolutionProperties) = preSolution
		HideSolutionNode = FALSE
	EndGlobalSection
	GlobalSection(ExtensibilityGlobals) = postSolution
		SolutionGuid = {271F6AC9-3C1F-4DC5-A318-74F57C46CDCB}
	EndGlobalSection
EndGlobal
